Microsoft Visual Studio Solution File, Format Version 12.00
# Visual Studio Version 17
VisualStudioVersion = 17.5.2.0
MinimumVisualStudioVersion = 10.0.40219.1
Project("{FAE04EC0-301F-11D3-BF4B-00C04F79EFBC}") = "Console", "Console.csproj", "{61E15B32-92CC-887E-94D4-4A4C2832530F}"
EndProject
Global
	GlobalSection(SolutionConfigurationPlatforms) = preSolution
		Debug|Any CPU = Debug|Any CPU
		Release|Any CPU = Release|Any CPU
	EndGlobalSection
	GlobalSection(ProjectConfigurationPlatforms) = postSolution
		{61E15B32-92CC-887E-94D4-4A4C2832530F}.Debug|Any CPU.ActiveCfg = Debug|Any CPU
		{61E15B32-92CC-887E-94D4-4A4C2832530F}.Debug|Any CPU.Build.0 = Debug|Any CPU
		{61E15B32-92CC-887E-94D4-4A4C2832530F}.Release|Any CPU.ActiveCfg = Release|Any CPU
		{61E15B32-92CC-887E-94D4-4A4C2832530F}.Release|Any CPU.Build.0 = Release|Any CPU
	EndGlobalSection
	GlobalSection(SolutionProperties) = preSolution
		HideSolutionNode = FALSE
	EndGlobalSection
	GlobalSection(ExtensibilityGlobals) = postSolution
		SolutionGuid = {80E9866B-011C-45F6-A649-4464E99578C3}
	EndGlobalSection
EndGlobal
